hash: f5a34b64baa0b0cf91330d6cff7059301ae7420da3f6b8e24c72e0241859a746
updated: 2017-02-15T08:05:28.318583001-05:00
imports:
- name: github.com/dellemc-symphony/workflow-cli.git
  version: 26be479a1cbaac0105d43fd99a307146c0225a3c
  subpackages:
  - auth
- name: github.com/fsnotify/fsnotify
  version: f12c6236fe7b5cf6bcf30e5935d08cb079d78334
- name: github.com/hashicorp/hcl
  version: 37ab263305aaeb501a60eb16863e808d426e37f2
  subpackages:
  - hcl/ast
  - hcl/parser
  - hcl/scanner
  - hcl/strconv
  - hcl/token
  - json/parser
  - json/scanner
  - json/token
- name: github.com/inconshreveable/mousetrap
  version: 76626ae9c91c4f2a10f34cad8ce83ea42c93bb75
- name: github.com/kr/fs
  version: 2788f0dbd16903de03cb8186e5c7d97b69ad387b
- name: github.com/magiconair/properties
  version: 61b492c03cf472e0c6419be5899b8e0dc28b1b88
- name: github.com/mitchellh/mapstructure
  version: bfdb1a85537d60bc7e954e600c250219ea497417
- name: github.com/pelletier/go-buffruneio
  version: df1e16fde7fc330a0ca68167c23bf7ed6ac31d6d
- name: github.com/pelletier/go-toml
  version: 0049ab3dc4c4c70a9eee23087437b69c0dde2130
- name: github.com/pkg/errors
  version: 17b591df37844cde689f4d5813e5cea0927d8dd2
- name: github.com/pkg/sftp
  version: a71e8f580e3b622ebff585309160b1cc549ef4d2
- name: github.com/spf13/afero
  version: 20500e2abd0d1f4564a499e83d11d6c73cd58c27
  subpackages:
  - mem
  - sftp
- name: github.com/spf13/cast
  version: e31f36ffc91a2ba9ddb72a4b6a607ff9b3d3cb63
- name: github.com/spf13/cobra
  version: 9495bc009a56819bdb0ddbc1a373e29c140bc674
- name: github.com/spf13/jwalterweatherman
  version: 33c24e77fb80341fe7130ee7c594256ff08ccc46
- name: github.com/spf13/pflag
  version: 5ccb023bc27df288a957c5e994cd44fd19619465
- name: github.com/spf13/viper
  version: 7fb2782df3d83e0036cc89f461ed0422628776f4
- name: golang.org/x/crypto
  version: 1f22c0103821b9390939b6776727195525381532
  subpackages:
  - curve25519
  - ssh
  - ssh/terminal
- name: golang.org/x/sys
  version: 478fcf54317e52ab69f40bb4c7a1520288d7f7ea
  subpackages:
  - unix
- name: golang.org/x/text
  version: d69c40b4be55797923cec7457fac7a244d91a9b6
  subpackages:
  - transform
  - unicode/norm
- name: gopkg.in/yaml.v2
  version: a5b47d31c556af34a302ce5d659e6fea44d90de0
testImports: []
